
Microsoft Visual Studio Solution File, Format Version 12.00
# Visual Studio Version 17
VisualStudioVersion = 17.7.34003.232
MinimumVisualStudioVersion = 10.0.40219.1
Project("{FAE04EC0-301F-11D3-BF4B-00C04F79EFBC}") = "Vetores", "Vetores.csproj", "{07A5CEF9-C2F7-40E5-BC0C-3BE6E6E8FA05}"
EndProject
Project("{FAE04EC0-301F-11D3-BF4B-00C04F79EFBC}") = "Matrizes", "..\Matrizes\Matrizes.csproj", "{08D0BE5C-6F06-4D00-AD4B-5E2888DB0485}"
EndProject
Project("{FAE04EC0-301F-11D3-BF4B-00C04F79EFBC}") = "Exercicio1", "..\Exercicio1\Exercicio1.csproj", "{4FC6863E-CCFA-4336-A648-72DB7F31A801}"
EndProject
Project("{FAE04EC0-301F-11D3-BF4B-00C04F79EFBC}") = "Exercicio3", "..\Exercicio3\Exercicio3.csproj", "{21076270-94D7-4348-A7AD-3DF57B0D4843}"
EndProject
Global
	GlobalSection(SolutionConfigurationPlatforms) = preSolution
		Debug|Any CPU = Debug|Any CPU
		Release|Any CPU = Release|Any CPU
	EndGlobalSection
	GlobalSection(ProjectConfigurationPlatforms) = postSolution
		{07A5CEF9-C2F7-40E5-BC0C-3BE6E6E8FA05}.Debug|Any CPU.ActiveCfg = Debug|Any CPU
		{07A5CEF9-C2F7-40E5-BC0C-3BE6E6E8FA05}.Debug|Any CPU.Build.0 = Debug|Any CPU
		{07A5CEF9-C2F7-40E5-BC0C-3BE6E6E8FA05}.Release|Any CPU.ActiveCfg = Release|Any CPU
		{07A5CEF9-C2F7-40E5-BC0C-3BE6E6E8FA05}.Release|Any CPU.Build.0 = Release|Any CPU
		{08D0BE5C-6F06-4D00-AD4B-5E2888DB0485}.Debug|Any CPU.ActiveCfg = Debug|Any CPU
		{08D0BE5C-6F06-4D00-AD4B-5E2888DB0485}.Debug|Any CPU.Build.0 = Debug|Any CPU
		{08D0BE5C-6F06-4D00-AD4B-5E2888DB0485}.Release|Any CPU.ActiveCfg = Release|Any CPU
		{08D0BE5C-6F06-4D00-AD4B-5E2888DB0485}.Release|Any CPU.Build.0 = Release|Any CPU
		{4FC6863E-CCFA-4336-A648-72DB7F31A801}.Debug|Any CPU.ActiveCfg = Debug|Any CPU
		{4FC6863E-CCFA-4336-A648-72DB7F31A801}.Debug|Any CPU.Build.0 = Debug|Any CPU
		{4FC6863E-CCFA-4336-A648-72DB7F31A801}.Release|Any CPU.ActiveCfg = Release|Any CPU
		{4FC6863E-CCFA-4336-A648-72DB7F31A801}.Release|Any CPU.Build.0 = Release|Any CPU
		{21076270-94D7-4348-A7AD-3DF57B0D4843}.Debug|Any CPU.ActiveCfg = Debug|Any CPU
		{21076270-94D7-4348-A7AD-3DF57B0D4843}.Debug|Any CPU.Build.0 = Debug|Any CPU
		{21076270-94D7-4348-A7AD-3DF57B0D4843}.Release|Any CPU.ActiveCfg = Release|Any CPU
		{21076270-94D7-4348-A7AD-3DF57B0D4843}.Release|Any CPU.Build.0 = Release|Any CPU
	EndGlobalSection
	GlobalSection(SolutionProperties) = preSolution
		HideSolutionNode = FALSE
	EndGlobalSection
	GlobalSection(ExtensibilityGlobals) = postSolution
		SolutionGuid = {03A14E5E-8233-409F-B50C-1FE9D3FD7D21}
	EndGlobalSection
EndGlobal
